
Microsoft Visual Studio Solution File, Format Version 12.00
# Visual Studio Version 17
VisualStudioVersion = 17.13.35825.156 d17.13
MinimumVisualStudioVersion = 10.0.40219.1
Project("{FAE04EC0-301F-11D3-BF4B-00C04F79EFBC}") = "JobTracking.API", "JobTracking.API\JobTracking.API.csproj", "{45A987C2-D7F7-4918-BF09-AFD9082D55D3}"
EndProject
Project("{FAE04EC0-301F-11D3-BF4B-00C04F79EFBC}") = "JobTracking.App", "JobTracking.App\JobTracking.App.csproj", "{6CF26347-DB90-461F-8DFE-6B6B03E66B25}"
EndProject
Project("{FAE04EC0-301F-11D3-BF4B-00C04F79EFBC}") = "JobTracking.DataAccess", "JobTracking.DataAccess\JobTracking.DataAccess.csproj", "{B5B3C610-99FA-4D93-A369-50B9F76B1303}"
EndProject
Project("{FAE04EC0-301F-11D3-BF4B-00C04F79EFBC}") = "JobTracking.Domain", "JobTracking.Domain\JobTracking.Domain.csproj", "{EDD5D11D-7843-45A7-B465-20AD612E1728}"
EndProject
Global
	GlobalSection(SolutionConfigurationPlatforms) = preSolution
		Debug|Any CPU = Debug|Any CPU
		Release|Any CPU = Release|Any CPU
	EndGlobalSection
	GlobalSection(ProjectConfigurationPlatforms) = postSolution
		{45A987C2-D7F7-4918-BF09-AFD9082D55D3}.Debug|Any CPU.ActiveCfg = Debug|Any CPU
		{45A987C2-D7F7-4918-BF09-AFD9082D55D3}.Debug|Any CPU.Build.0 = Debug|Any CPU
		{45A987C2-D7F7-4918-BF09-AFD9082D55D3}.Release|Any CPU.ActiveCfg = Release|Any CPU
		{45A987C2-D7F7-4918-BF09-AFD9082D55D3}.Release|Any CPU.Build.0 = Release|Any CPU
		{6CF26347-DB90-461F-8DFE-6B6B03E66B25}.Debug|Any CPU.ActiveCfg = Debug|Any CPU
		{6CF26347-DB90-461F-8DFE-6B6B03E66B25}.Debug|Any CPU.Build.0 = Debug|Any CPU
		{6CF26347-DB90-461F-8DFE-6B6B03E66B25}.Release|Any CPU.ActiveCfg = Release|Any CPU
		{6CF26347-DB90-461F-8DFE-6B6B03E66B25}.Release|Any CPU.Build.0 = Release|Any CPU
		{B5B3C610-99FA-4D93-A369-50B9F76B1303}.Debug|Any CPU.ActiveCfg = Debug|Any CPU
		{B5B3C610-99FA-4D93-A369-50B9F76B1303}.Debug|Any CPU.Build.0 = Debug|Any CPU
		{B5B3C610-99FA-4D93-A369-50B9F76B1303}.Release|Any CPU.ActiveCfg = Release|Any CPU
		{B5B3C610-99FA-4D93-A369-50B9F76B1303}.Release|Any CPU.Build.0 = Release|Any CPU
		{EDD5D11D-7843-45A7-B465-20AD612E1728}.Debug|Any CPU.ActiveCfg = Debug|Any CPU
		{EDD5D11D-7843-45A7-B465-20AD612E1728}.Debug|Any CPU.Build.0 = Debug|Any CPU
		{EDD5D11D-7843-45A7-B465-20AD612E1728}.Release|Any CPU.ActiveCfg = Release|Any CPU
		{EDD5D11D-7843-45A7-B465-20AD612E1728}.Release|Any CPU.Build.0 = Release|Any CPU
	EndGlobalSection
	GlobalSection(SolutionProperties) = preSolution
		HideSolutionNode = FALSE
	EndGlobalSection
	GlobalSection(ExtensibilityGlobals) = postSolution
		SolutionGuid = {C6992E5D-1DFE-4884-922D-8D0231B52870}
	EndGlobalSection
EndGlobal
